
Microsoft Visual Studio Solution File, Format Version 12.00
# Visual Studio Version 17
VisualStudioVersion = 17.7.34031.279
MinimumVisualStudioVersion = 10.0.40219.1
Project("{FAE04EC0-301F-11D3-BF4B-00C04F79EFBC}") = "ECommerceAPI", "ECommerceAPI\ECommerceAPI.csproj", "{2AB5A1D6-40E0-494F-B9F7-155EA5904E14}"
EndProject
Global
	GlobalSection(SolutionConfigurationPlatforms) = preSolution
		Debug|Any CPU = Debug|Any CPU
		Release|Any CPU = Release|Any CPU
	EndGlobalSection
	GlobalSection(ProjectConfigurationPlatforms) = postSolution
		{2AB5A1D6-40E0-494F-B9F7-155EA5904E14}.Debug|Any CPU.ActiveCfg = Debug|Any CPU
		{2AB5A1D6-40E0-494F-B9F7-155EA5904E14}.Debug|Any CPU.Build.0 = Debug|Any CPU
		{2AB5A1D6-40E0-494F-B9F7-155EA5904E14}.Release|Any CPU.ActiveCfg = Release|Any CPU
		{2AB5A1D6-40E0-494F-B9F7-155EA5904E14}.Release|Any CPU.Build.0 = Release|Any CPU
	EndGlobalSection
	GlobalSection(SolutionProperties) = preSolution
		HideSolutionNode = FALSE
	EndGlobalSection
	GlobalSection(ExtensibilityGlobals) = postSolution
		SolutionGuid = {A68DE90F-4B82-4587-9E99-86C8D753BEDC}
	EndGlobalSection
EndGlobal
